// !$*UTF8*$!
{
	archiveVersion = 1;
	classes = {
	};
	objectVersion = 46;
	objects = {

/* Begin PBXBuildFile section */
		3138C8CE1D52E008005A2C1A /* AppDelegate.swift in Sources */ = {isa = PBXBuildFile; fileRef = 3138C8CD1D52E008005A2C1A /* AppDelegate.swift */; };
		3138C8D01D52E008005A2C1A /* ViewController.swift in Sources */ = {isa = PBXBuildFile; fileRef = 3138C8CF1D52E008005A2C1A /* ViewController.swift */; };
		3138C8D31D52E008005A2C1A /* Main.storyboard in Resources */ = {isa = PBXBuildFile; fileRef = 3138C8D11D52E008005A2C1A /* Main.storyboard */; };
		3138C8D61D52E008005A2C1A /* MapKit0804.xcdatamodeld in Sources */ = {isa = PBXBuildFile; fileRef = 3138C8D41D52E008005A2C1A /* MapKit0804.xcdatamodeld */; };
		3138C8D81D52E008005A2C1A /* Assets.xcassets in Resources */ = {isa = PBXBuildFile; fileRef = 3138C8D71D52E008005A2C1A /* Assets.xcassets */; };
		3138C8DB1D52E008005A2C1A /* LaunchScreen.storyboard in Resources */ = {isa = PBXBuildFile; fileRef = 3138C8D91D52E008005A2C1A /* LaunchScreen.storyboard */; };
		3138C8E31D52E033005A2C1A /* MapKit.framework in Frameworks */ = {isa = PBXBuildFile; fileRef = 3138C8E21D52E033005A2C1A /* MapKit.framework */; };
/* End PBXBuildFile section */

/* Begin PBXFileReference section */
		3138C8CA1D52E008005A2C1A /* MapKit0804.app */ = {isa = PBXFileReference; explicitFileType = wrapper.application; includeInIndex = 0; path = MapKit0804.app; sourceTree = BUILT_PRODUCTS_DIR; };
		3138C8CD1D52E008005A2C1A /* AppDelegate.swift */ = {isa = PBXFileReference; lastKnownFileType = sourcecode.swift; path = AppDelegate.swift; sourceTree = "<group>"; };
		3138C8CF1D52E008005A2C1A /* ViewController.swift */ = {isa = PBXFileReference; lastKnownFileType = sourcecode.swift; path = ViewController.swift; sourceTree = "<group>"; };
		3138C8D21D52E008005A2C1A /* Base */ = {isa = PBXFileReference; lastKnownFileType = file.storyboard; name = Base; path = Base.lproj/Main.storyboard; sourceTree = "<group>"; };
		3138C8D51D52E008005A2C1A /* MapKit0804.xcdatamodel */ = {isa = PBXFileReference; lastKnownFileType = wrapper.xcdatamodel; path = MapKit0804.xcdatamodel; sourceTree = "<group>"; };
		3138C8D71D52E008005A2C1A /* Assets.xcassets */ = {isa = PBXFileReference; lastKnownFileType = folder.assetcatalog; path = Assets.xcassets; sourceTree = "<group>"; };
		3138C8DA1D52E008005A2C1A /* Base */ = {isa = PBXFileReference; lastKnownFileType = file.storyboard; name = Base; path = Base.lproj/LaunchScreen.storyboard; sourceTree = "<group>"; };
		3138C8DC1D52E008005A2C1A /* Info.plist */ = {isa = PBXFileReference; lastKnownFileType = text.plist.xml; path = Info.plist; sourceTree = "<group>"; };
		3138C8E21D52E033005A2C1A /* MapKit.framework */ = {isa = PBXFileReference; lastKnownFileType = wrapper.framework; name = MapKit.framework; path = System/Library/Frameworks/MapKit.framework; sourceTree = SDKROOT; };
/* End PBXFileReference section */

/* Begin PBXFrameworksBuildPhase section */
		3138C8C71D52E007005A2C1A /* Frameworks */ = {
			isa = PBXFrameworksBuildPhase;
			buildActionMask = 2147483647;
			files = (
				3138C8E31D52E033005A2C1A /* MapKit.framework in Frameworks */,
			);
			runOnlyForDeploymentPostprocessing = 0;
		};
/* End PBXFrameworksBuildPhase section */

/* Begin PBXGroup section */
		3138C8C11D52E007005A2C1A = {
			isa = PBXGroup;
			children = (
				3138C8E21D52E033005A2C1A /* MapKit.framework */,
				3138C8CC1D52E008005A2C1A /* MapKit0804 */,
				3138C8CB1D52E008005A2C1A /* Products */,
			);
			sourceTree = "<group>";
		};
		3138C8CB1D52E008005A2C1A /* Products */ = {
			isa = PBXGroup;
			children = (
				3138C8CA1D52E008005A2C1A /* MapKit0804.app */,
			);
			name = Products;
			sourceTree = "<group>";
		};
		3138C8CC1D52E008005A2C1A /* MapKit0804 */ = {
			isa = PBXGroup;
			children = (
				3138C8CD1D52E008005A2C1A /* AppDelegate.swift */,
				3138C8CF1D52E008005A2C1A /* ViewController.swift */,
				3138C8D11D52E008005A2C1A /* Main.storyboard */,
				3138C8D71D52E008005A2C1A /* Assets.xcassets */,
				3138C8D91D52E008005A2C1A /* LaunchScreen.storyboard */,
				3138C8DC1D52E008005A2C1A /* Info.plist */,
				3138C8D41D52E008005A2C1A /* MapKit0804.xcdatamodeld */,
			);
			path = MapKit0804;
			sourceTree = "<group>";
		};
/* End PBXGroup section */

/* Begin PBXNativeTarget section */
		3138C8C91D52E007005A2C1A /* MapKit0804 */ = {
			isa = PBXNativeTarget;
			buildConfigurationList = 3138C8DF1D52E008005A2C1A /* Build configuration list for PBXNativeTarget "MapKit0804" */;
			buildPhases = (
				3138C8C61D52E007005A2C1A /* Sources */,
				3138C8C71D52E007005A2C1A /* Frameworks */,
				3138C8C81D52E007005A2C1A /* Resources */,
			);
			buildRules = (
			);
			dependencies = (
			);
			name = MapKit0804;
			productName = MapKit0804;
			productReference = 3138C8CA1D52E008005A2C1A /* MapKit0804.app */;
			productType = "com.apple.product-type.application";
		};
/* End PBXNativeTarget section */

/* Begin PBXProject section */
		3138C8C21D52E007005A2C1A /* Project object */ = {
			isa = PBXProject;
			attributes = {
				LastSwiftUpdateCheck = 0730;
				LastUpgradeCheck = 0730;
				ORGANIZATIONNAME = Luke;
				TargetAttributes = {
					3138C8C91D52E007005A2C1A = {
						CreatedOnToolsVersion = 7.3.1;
						DevelopmentTeam = 2AFX2LXKDW;
					};
				};
			};
			buildConfigurationList = 3138C8C51D52E007005A2C1A /* Build configuration list for PBXProject "MapKit0804" */;
			compatibilityVersion = "Xcode 3.2";
			developmentRegion = English;
			hasScannedForEncodings = 0;
			knownRegions = (
				en,
				Base,
			);
			mainGroup = 3138C8C11D52E007005A2C1A;
			productRefGroup = 3138C8CB1D52E008005A2C1A /* Products */;
			projectDirPath = "";
			projectRoot = "";
			targets = (
				3138C8C91D52E007005A2C1A /* MapKit0804 */,
			);
		};
/* End PBXProject section */

/* Begin PBXResourcesBuildPhase section */
		3138C8C81D52E007005A2C1A /* Resources */ = {
			isa = PBXResourcesBuildPhase;
			buildActionMask = 2147483647;
			files = (
				3138C8DB1D52E008005A2C1A /* LaunchScreen.storyboard in Resources */,
				3138C8D81D52E008005A2C1A /* Assets.xcassets in Resources */,
				3138C8D31D52E008005A2C1A /* Main.storyboard in Resources */,
			);
			runOnlyForDeploymentPostprocessing = 0;
		};
/* End PBXResourcesBuildPhase section */

/* Begin PBXSourcesBuildPhase section */
		3138C8C61D52E007005A2C1A /* Sources */ = {
			isa = PBXSourcesBuildPhase;
			buildActionMask = 2147483647;
			files = (
				3138C8D01D52E008005A2C1A /* ViewController.swift in Sources */,
				3138C8D61D52E008005A2C1A /* MapKit0804.xcdatamodeld in Sources */,
				3138C8CE1D52E008005A2C1A /* AppDelegate.swift in Sources */,
			);
			runOnlyForDeploymentPostprocessing = 0;
		};
/* End PBXSourcesBuildPhase section */

/* Begin PBXVariantGroup section */
		3138C8D11D52E008005A2C1A /* Main.storyboard */ = {
			isa = PBXVariantGroup;
			children = (
				3138C8D21D52E008005A2C1A /* Base */,
			);
			name = Main.storyboard;
			sourceTree = "<group>";
		};
		3138C8D91D52E008005A2C1A /* LaunchScreen.storyboard */ = {
			isa = PBXVariantGroup;
			children = (
				3138C8DA1D52E008005A2C1A /* Base */,
			);
			name = LaunchScreen.storyboard;
			sourceTree = "<group>";
		};
/* End PBXVariantGroup section */

/* Begin XCBuildConfiguration section */
		3138C8DD1D52E008005A2C1A /* Debug */ = {
			isa = XCBuildConfiguration;
			buildSettings = {
				ALWAYS_SEARCH_USER_PATHS = NO;
				CLANG_ANALYZER_NONNULL = YES;
				CLANG_CXX_LANGUAGE_STANDARD = "gnu++0x";
				CLANG_CXX_LIBRARY = "libc++";
				CLANG_ENABLE_MODULES = YES;
				CLANG_ENABLE_OBJC_ARC = YES;
				CLANG_WARN_BOOL_CONVERSION = YES;
				CLANG_WARN_CONSTANT_CONVERSION = YES;
				CLANG_WARN_DIRECT_OBJC_ISA_USAGE = YES_ERROR;
				CLANG_WARN_EMPTY_BODY = YES;
				CLANG_WARN_ENUM_CONVERSION = YES;
				CLANG_WARN_INT_CONVERSION = YES;
				CLANG_WARN_OBJC_ROOT_CLASS = YES_ERROR;
				CLANG_WARN_UNREACHABLE_CODE = YES;
				CLANG_WARN__DUPLICATE_METHOD_MATCH = YES;
				"CODE_SIGN_IDENTITY[sdk=iphoneos*]" = "iPhone Developer";
				COPY_PHASE_STRIP = NO;
				DEBUG_INFORMATION_FORMAT = dwarf;
				ENABLE_STRICT_OBJC_MSGSEND = YES;
				ENABLE_TESTABILITY = YES;
				GCC_C_LANGUAGE_STANDARD = gnu99;
				GCC_DYNAMIC_NO_PIC = NO;
				GCC_NO_COMMON_BLOCKS = YES;
				GCC_OPTIMIZATION_LEVEL = 0;
				GCC_PREPROCESSOR_DEFINITIONS = (
					"DEBUG=1",
					"$(inherited)",
				);
				GCC_WARN_64_TO_32_BIT_CONVERSION = YES;
				GCC_WARN_ABOUT_RETURN_TYPE = YES_ERROR;
				GCC_WARN_UNDECLARED_SELECTOR = YES;
				GCC_WARN_UNINITIALIZED_AUTOS = YES_AGGRESSIVE;
				GCC_WARN_UNUSED_FUNCTION = YES;
				GCC_WARN_UNUSED_VARIABLE = YES;
				IPHONEOS_DEPLOYMENT_TARGET = 9.3;
				MTL_ENABLE_DEBUG_INFO = YES;
				ONLY_ACTIVE_ARCH = YES;
				SDKROOT = iphoneos;
				SWIFT_OPTIMIZATION_LEVEL = "-Onone";
			};
			name = Debug;
		};
		3138C8DE1D52E008005A2C1A /* Release */ = {
			isa = XCBuildConfiguration;
			buildSettings = {
				ALWAYS_SEARCH_USER_PATHS = NO;
				CLANG_ANALYZER_NONNULL = YES;
				CLANG_CXX_LANGUAGE_STANDARD = "gnu++0x";
				CLANG_CXX_LIBRARY = "libc++";
				CLANG_ENABLE_MODULES = YES;
				CLANG_ENABLE_OBJC_ARC = YES;
				CLANG_WARN_BOOL_CONVERSION = YES;
				CLANG_WARN_CONSTANT_CONVERSION = YES;
				CLANG_WARN_DIRECT_OBJC_ISA_USAGE = YES_ERROR;
				CLANG_WARN_EMPTY_BODY = YES;
				CLANG_WARN_ENUM_CONVERSION = YES;
				CLANG_WARN_INT_CONVERSION = YES;
				CLANG_WARN_OBJC_ROOT_CLASS = YES_ERROR;
				CLANG_WARN_UNREACHABLE_CODE = YES;
				CLANG_WARN__DUPLICATE_METHOD_MATCH = YES;
				"CODE_SIGN_IDENTITY[sdk=iphoneos*]" = "iPhone Developer";
				COPY_PHASE_STRIP = NO;
				DEBUG_INFORMATION_FORMAT = "dwarf-with-dsym";
				ENABLE_NS_ASSERTIONS = NO;
				ENABLE_STRICT_OBJC_MSGSEND = YES;
				GCC_C_LANGUAGE_STANDARD = gnu99;
				GCC_NO_COMMON_BLOCKS = YES;
				GCC_WARN_64_TO_32_BIT_CONVERSION = YES;
				GCC_WARN_ABOUT_RETURN_TYPE = YES_ERROR;
				GCC_WARN_UNDECLARED_SELECTOR = YES;
				GCC_WARN_UNINITIALIZED_AUTOS = YES_AGGRESSIVE;
				GCC_WARN_UNUSED_FUNCTION = YES;
				GCC_WARN_UNUSED_VARIABLE = YES;
				IPHONEOS_DEPLOYMENT_TARGET = 9.3;
				MTL_ENABLE_DEBUG_INFO = NO;
				SDKROOT = iphoneos;
				VALIDATE_PRODUCT = YES;
			};
			name = Release;
		};
		3138C8E01D52E008005A2C1A /* Debug */ = {
			isa = XCBuildConfiguration;
			buildSettings = {
				ASSETCATALOG_COMPILER_APPICON_NAME = AppIcon;
				INFOPLIST_FILE = MapKit0804/Info.plist;
				LD_RUNPATH_SEARCH_PATHS = "$(inherited) @executable_path/Frameworks";
				PRODUCT_BUNDLE_IDENTIFIER = Luke.MapKit0804;
				PRODUCT_NAME = "$(TARGET_NAME)";
			};
			name = Debug;
		};
		3138C8E11D52E008005A2C1A /* Release */ = {
			isa = XCBuildConfiguration;
			buildSettings = {
				ASSETCATALOG_COMPILER_APPICON_NAME = AppIcon;
				INFOPLIST_FILE = MapKit0804/Info.plist;
				LD_RUNPATH_SEARCH_PATHS = "$(inherited) @executable_path/Frameworks";
				PRODUCT_BUNDLE_IDENTIFIER = Luke.MapKit0804;
				PRODUCT_NAME = "$(TARGET_NAME)";
			};
			name = Release;
		};
/* End XCBuildConfiguration section */

/* Begin XCConfigurationList section */
		3138C8C51D52E007005A2C1A /* Build configuration list for PBXProject "MapKit0804" */ = {
			isa = XCConfigurationList;
			buildConfigurations = (
				3138C8DD1D52E008005A2C1A /* Debug */,
				3138C8DE1D52E008005A2C1A /* Release */,
			);
			defaultConfigurationIsVisible = 0;
			defaultConfigurationName = Release;
		};
		3138C8DF1D52E008005A2C1A /* Build configuration list for PBXNativeTarget "MapKit0804" */ = {
			isa = XCConfigurationList;
			buildConfigurations = (
				3138C8E01D52E008005A2C1A /* Debug */,
				3138C8E11D52E008005A2C1A /* Release */,
			);
			defaultConfigurationIsVisible = 0;
		};
/* End XCConfigurationList section */

/* Begin XCVersionGroup section */
		3138C8D41D52E008005A2C1A /* MapKit0804.xcdatamodeld */ = {
			isa = XCVersionGroup;
			children = (
				3138C8D51D52E008005A2C1A /* MapKit0804.xcdatamodel */,
			);
			currentVersion = 3138C8D51D52E008005A2C1A /* MapKit0804.xcdatamodel */;
			path = MapKit0804.xcdatamodeld;
			sourceTree = "<group>";
			versionGroupType = wrapper.xcdatamodel;
		};
/* End XCVersionGroup section */
	};
	rootObject = 3138C8C21D52E007005A2C1A /* Project object */;
}
